
Microsoft Visual Studio Solution File, Format Version 12.00
# Visual Studio 14
VisualStudioVersion = 14.0.24720.0
MinimumVisualStudioVersion = 10.0.40219.1
Project("{FAE04EC0-301F-11D3-BF4B-00C04F79EFBC}") = "AdminGold", "AdminGold\AdminGold.csproj", "{CEE973D5-3804-40BF-89DC-F3E48DA3FFFC}"
EndProject
Project("{FAE04EC0-301F-11D3-BF4B-00C04F79EFBC}") = "ApiPromotion", "ApiPromotion\ApiPromotion.csproj", "{E7372866-BA6A-42F8-9401-055792BAC2EA}"
EndProject
Project("{FAE04EC0-301F-11D3-BF4B-00C04F79EFBC}") = "APImyPromotion", "APImyPromotion\APImyPromotion.csproj", "{8481C087-6FBF-4B7F-9362-F179C0C220FB}"
EndProject
Project("{FAE04EC0-301F-11D3-BF4B-00C04F79EFBC}") = "myPromotionAPI", "myPromotionAPI\myPromotionAPI.csproj", "{FDCB0186-AC12-41C6-839E-8325768CA171}"
EndProject
Project("{FAE04EC0-301F-11D3-BF4B-00C04F79EFBC}") = "APISendGift", "APISendGift\APISendGift.csproj", "{90B15E44-E3AC-4888-A462-EF88008321C9}"
EndProject
Project("{FAE04EC0-301F-11D3-BF4B-00C04F79EFBC}") = "WPFCSharpWebCam", "WPFCSharpWebCam\WPFCSharpWebCam.csproj", "{4A6C6F94-80FA-470A-A6B8-580AE8EE1531}"
EndProject
Project("{FAE04EC0-301F-11D3-BF4B-00C04F79EFBC}") = "ExampleStudy", "ExampleStudy\ExampleStudy.csproj", "{3E546520-BA65-44A9-AEAE-D1CF88CF5A42}"
EndProject
Project("{FAE04EC0-301F-11D3-BF4B-00C04F79EFBC}") = "ApiManga", "ApiManga\ApiManga.csproj", "{BF6CB7F0-96BD-4A89-B8BA-C7E7D169CE1B}"
EndProject
Global
	GlobalSection(SolutionConfigurationPlatforms) = preSolution
		Debug|Any CPU = Debug|Any CPU
		Release|Any CPU = Release|Any CPU
	EndGlobalSection
	GlobalSection(ProjectConfigurationPlatforms) = postSolution
		{CEE973D5-3804-40BF-89DC-F3E48DA3FFFC}.Debug|Any CPU.ActiveCfg = Debug|Any CPU
		{CEE973D5-3804-40BF-89DC-F3E48DA3FFFC}.Debug|Any CPU.Build.0 = Debug|Any CPU
		{CEE973D5-3804-40BF-89DC-F3E48DA3FFFC}.Release|Any CPU.ActiveCfg = Release|Any CPU
		{CEE973D5-3804-40BF-89DC-F3E48DA3FFFC}.Release|Any CPU.Build.0 = Release|Any CPU
		{E7372866-BA6A-42F8-9401-055792BAC2EA}.Debug|Any CPU.ActiveCfg = Debug|Any CPU
		{E7372866-BA6A-42F8-9401-055792BAC2EA}.Debug|Any CPU.Build.0 = Debug|Any CPU
		{E7372866-BA6A-42F8-9401-055792BAC2EA}.Release|Any CPU.ActiveCfg = Release|Any CPU
		{E7372866-BA6A-42F8-9401-055792BAC2EA}.Release|Any CPU.Build.0 = Release|Any CPU
		{8481C087-6FBF-4B7F-9362-F179C0C220FB}.Debug|Any CPU.ActiveCfg = Debug|Any CPU
		{8481C087-6FBF-4B7F-9362-F179C0C220FB}.Debug|Any CPU.Build.0 = Debug|Any CPU
		{8481C087-6FBF-4B7F-9362-F179C0C220FB}.Release|Any CPU.ActiveCfg = Release|Any CPU
		{8481C087-6FBF-4B7F-9362-F179C0C220FB}.Release|Any CPU.Build.0 = Release|Any CPU
		{FDCB0186-AC12-41C6-839E-8325768CA171}.Debug|Any CPU.ActiveCfg = Debug|Any CPU
		{FDCB0186-AC12-41C6-839E-8325768CA171}.Debug|Any CPU.Build.0 = Debug|Any CPU
		{FDCB0186-AC12-41C6-839E-8325768CA171}.Release|Any CPU.ActiveCfg = Release|Any CPU
		{FDCB0186-AC12-41C6-839E-8325768CA171}.Release|Any CPU.Build.0 = Release|Any CPU
		{90B15E44-E3AC-4888-A462-EF88008321C9}.Debug|Any CPU.ActiveCfg = Debug|Any CPU
		{90B15E44-E3AC-4888-A462-EF88008321C9}.Debug|Any CPU.Build.0 = Debug|Any CPU
		{90B15E44-E3AC-4888-A462-EF88008321C9}.Release|Any CPU.ActiveCfg = Release|Any CPU
		{90B15E44-E3AC-4888-A462-EF88008321C9}.Release|Any CPU.Build.0 = Release|Any CPU
		{4A6C6F94-80FA-470A-A6B8-580AE8EE1531}.Debug|Any CPU.ActiveCfg = Debug|Any CPU
		{4A6C6F94-80FA-470A-A6B8-580AE8EE1531}.Debug|Any CPU.Build.0 = Debug|Any CPU
		{4A6C6F94-80FA-470A-A6B8-580AE8EE1531}.Release|Any CPU.ActiveCfg = Release|Any CPU
		{4A6C6F94-80FA-470A-A6B8-580AE8EE1531}.Release|Any CPU.Build.0 = Release|Any CPU
		{3E546520-BA65-44A9-AEAE-D1CF88CF5A42}.Debug|Any CPU.ActiveCfg = Debug|Any CPU
		{3E546520-BA65-44A9-AEAE-D1CF88CF5A42}.Debug|Any CPU.Build.0 = Debug|Any CPU
		{3E546520-BA65-44A9-AEAE-D1CF88CF5A42}.Release|Any CPU.ActiveCfg = Release|Any CPU
		{3E546520-BA65-44A9-AEAE-D1CF88CF5A42}.Release|Any CPU.Build.0 = Release|Any CPU
		{BF6CB7F0-96BD-4A89-B8BA-C7E7D169CE1B}.Debug|Any CPU.ActiveCfg = Debug|Any CPU
		{BF6CB7F0-96BD-4A89-B8BA-C7E7D169CE1B}.Debug|Any CPU.Build.0 = Debug|Any CPU
		{BF6CB7F0-96BD-4A89-B8BA-C7E7D169CE1B}.Release|Any CPU.ActiveCfg = Release|Any CPU
		{BF6CB7F0-96BD-4A89-B8BA-C7E7D169CE1B}.Release|Any CPU.Build.0 = Release|Any CPU
	EndGlobalSection
	GlobalSection(SolutionProperties) = preSolution
		HideSolutionNode = FALSE
	EndGlobalSection
EndGlobal
